Microsoft Visual Studio Solution File, Format Version 12.00
# Visual Studio Version 17
VisualStudioVersion = 17.5.2.0
MinimumVisualStudioVersion = 10.0.40219.1
Project("{FAE04EC0-301F-11D3-BF4B-00C04F79EFBC}") = "TV-Backend", "TV-Backend\TV-Backend.csproj", "{C964E078-4932-25D0-EB20-0E4BBA212CFE}"
EndProject
Global
	GlobalSection(SolutionConfigurationPlatforms) = preSolution
		Debug|Any CPU = Debug|Any CPU
		Release|Any CPU = Release|Any CPU
	EndGlobalSection
	GlobalSection(ProjectConfigurationPlatforms) = postSolution
		{C964E078-4932-25D0-EB20-0E4BBA212CFE}.Debug|Any CPU.ActiveCfg = Debug|Any CPU
		{C964E078-4932-25D0-EB20-0E4BBA212CFE}.Debug|Any CPU.Build.0 = Debug|Any CPU
		{C964E078-4932-25D0-EB20-0E4BBA212CFE}.Release|Any CPU.ActiveCfg = Release|Any CPU
		{C964E078-4932-25D0-EB20-0E4BBA212CFE}.Release|Any CPU.Build.0 = Release|Any CPU
	EndGlobalSection
	GlobalSection(SolutionProperties) = preSolution
		HideSolutionNode = FALSE
	EndGlobalSection
	GlobalSection(ExtensibilityGlobals) = postSolution
		SolutionGuid = {8C1625E9-E76D-4200-BF30-6614F5CB091C}
	EndGlobalSection
EndGlobal
